
Microsoft Visual Studio Solution File, Format Version 11.00
# Visual Studio 2010
Project("{FAE04EC0-301F-11D3-BF4B-00C04F79EFBC}") = "signup_serverside", "signup_serverside\signup_serverside.csproj", "{04FC9C04-989A-4179-89AB-48E02B107A89}"
EndProject
Global
	GlobalSection(SolutionConfigurationPlatforms) = preSolution
		Debug|Any CPU = Debug|Any CPU
		Release|Any CPU = Release|Any CPU
	EndGlobalSection
	GlobalSection(ProjectConfigurationPlatforms) = postSolution
		{04FC9C04-989A-4179-89AB-48E02B107A89}.Debug|Any CPU.ActiveCfg = Debug|Any CPU
		{04FC9C04-989A-4179-89AB-48E02B107A89}.Debug|Any CPU.Build.0 = Debug|Any CPU
		{04FC9C04-989A-4179-89AB-48E02B107A89}.Release|Any CPU.ActiveCfg = Release|Any CPU
		{04FC9C04-989A-4179-89AB-48E02B107A89}.Release|Any CPU.Build.0 = Release|Any CPU
	EndGlobalSection
	GlobalSection(SolutionProperties) = preSolution
		HideSolutionNode = FALSE
	EndGlobalSection
EndGlobal
